
Microsoft Visual Studio Solution File, Format Version 12.00
# Visual Studio Version 17
VisualStudioVersion = 17.1.32228.430
MinimumVisualStudioVersion = 10.0.40219.1
Project("{FAE04EC0-301F-11D3-BF4B-00C04F79EFBC}") = "Class-Inheritance", "Class-Inheritance\Class-Inheritance.csproj", "{5E2BF164-85B3-4EAC-B90F-89F0496ECCBA}"
EndProject
Global
	GlobalSection(SolutionConfigurationPlatforms) = preSolution
		Debug|Any CPU = Debug|Any CPU
		Release|Any CPU = Release|Any CPU
	EndGlobalSection
	GlobalSection(ProjectConfigurationPlatforms) = postSolution
		{5E2BF164-85B3-4EAC-B90F-89F0496ECCBA}.Debug|Any CPU.ActiveCfg = Debug|Any CPU
		{5E2BF164-85B3-4EAC-B90F-89F0496ECCBA}.Debug|Any CPU.Build.0 = Debug|Any CPU
		{5E2BF164-85B3-4EAC-B90F-89F0496ECCBA}.Release|Any CPU.ActiveCfg = Release|Any CPU
		{5E2BF164-85B3-4EAC-B90F-89F0496ECCBA}.Release|Any CPU.Build.0 = Release|Any CPU
	EndGlobalSection
	GlobalSection(SolutionProperties) = preSolution
		HideSolutionNode = FALSE
	EndGlobalSection
	GlobalSection(ExtensibilityGlobals) = postSolution
		SolutionGuid = {44871285-E34F-40F9-B1B2-F43664391093}
	EndGlobalSection
EndGlobal
